
Microsoft Visual Studio Solution File, Format Version 12.00
# Visual Studio Version 16
VisualStudioVersion = 16.0.29209.62
MinimumVisualStudioVersion = 10.0.40219.1
Project("{FAE04EC0-301F-11D3-BF4B-00C04F79EFBC}") = "FF7LevelUpCalculator", "FF7LevelUpCalculator.csproj", "{881B072A-DF4A-4231-9E2E-820445B9F78B}"
EndProject
Project("{FAE04EC0-301F-11D3-BF4B-00C04F79EFBC}") = "FF7LevelUpCalculator.Test", "..\FF7LevelUpCalculator.Test\FF7LevelUpCalculator.Test.csproj", "{12DACA69-B7C6-485A-B772-3D08FD90D7C1}"
EndProject
Global
	GlobalSection(SolutionConfigurationPlatforms) = preSolution
		Debug|Any CPU = Debug|Any CPU
		Release|Any CPU = Release|Any CPU
	EndGlobalSection
	GlobalSection(ProjectConfigurationPlatforms) = postSolution
		{881B072A-DF4A-4231-9E2E-820445B9F78B}.Debug|Any CPU.ActiveCfg = Debug|Any CPU
		{881B072A-DF4A-4231-9E2E-820445B9F78B}.Debug|Any CPU.Build.0 = Debug|Any CPU
		{881B072A-DF4A-4231-9E2E-820445B9F78B}.Release|Any CPU.ActiveCfg = Release|Any CPU
		{881B072A-DF4A-4231-9E2E-820445B9F78B}.Release|Any CPU.Build.0 = Release|Any CPU
		{12DACA69-B7C6-485A-B772-3D08FD90D7C1}.Debug|Any CPU.ActiveCfg = Debug|Any CPU
		{12DACA69-B7C6-485A-B772-3D08FD90D7C1}.Debug|Any CPU.Build.0 = Debug|Any CPU
		{12DACA69-B7C6-485A-B772-3D08FD90D7C1}.Release|Any CPU.ActiveCfg = Release|Any CPU
		{12DACA69-B7C6-485A-B772-3D08FD90D7C1}.Release|Any CPU.Build.0 = Release|Any CPU
	EndGlobalSection
	GlobalSection(SolutionProperties) = preSolution
		HideSolutionNode = FALSE
	EndGlobalSection
	GlobalSection(ExtensibilityGlobals) = postSolution
		SolutionGuid = {9B3B7DE7-0662-4172-AB3B-47AAA4007200}
	EndGlobalSection
EndGlobal
